{
  "name": "lerna-testapp-rocking",
  "version": "3.2.2-alphasuffix.0",
  "lockfileVersion": 1,
  "requires": true,
  "dependencies": {
    "t1easybusy": {
      "version": "1.25.0",
      "resolved": "https://registry.npmjs.org/t1easybusy/-/t1easybusy-1.25.0.tgz",
      "integrity": "sha512-GK8/HinaHS/Wb3NYsp161F6Xu7tB3M2SJew0V3E0sNgEofy/rmMlgcIGtXfGaIzTvvX7mSQ+q1iBnzYt3Iom7Q=="
    }
  }
}
