{
  "name": "lerna-testapp-rocking",
  "version": "1.2.1-alphaaw.0",
  "lockfileVersion": 1,
  "requires": true,
  "dependencies": {
    "t1easybusy": {
      "version": "1.20.0",
      "resolved": "https://registry.npmjs.org/t1easybusy/-/t1easybusy-1.20.0.tgz",
      "integrity": "sha512-sBFy/iaz1enl6NkMHsK9fo0YiRGffc8uYOFZrQJtRzfuZCprETZfe1l5/ACR0KrtofqobOmPXSHA55KRDK9DRQ=="
    }
  }
}
