{
  "name": "lerna-testapp-rocking",
  "version": "1.7.0",
  "lockfileVersion": 1,
  "requires": true,
  "dependencies": {
    "t1easybusy": {
      "version": "1.18.1-alphaaw.5",
      "resolved": "https://registry.npmjs.org/t1easybusy/-/t1easybusy-1.18.1-alphaaw.5.tgz",
      "integrity": "sha512-eFSV9h/tenZp0MwOAkZUfb+vFCBiO04NGpS993Suzkz5uE2zrhwpJWNSXzBIfEk6LTLAY66yXI8QDrpOGOh3hg=="
    }
  }
}
