{
  "name": "t2easybusy",
  "version": "1.24.0",
  "lockfileVersion": 1,
  "requires": true,
  "dependencies": {
    "t1easybusy": {
      "version": "1.0.1",
      "resolved": "https://registry.npmjs.org/t1easybusy/-/t1easybusy-1.0.1.tgz",
      "integrity": "sha512-pNRaAitJ7qeJeSA9jVp85OjjnWEpFxbMazVccuYuEX+mdHNBhLoi7tkqqPt38JdMZ/FOi/50WZtM2mg99vnmig=="
    }
  }
}
